{
  "nodes": {
    "acme-colors": {
      "flake": false,
      "locked": {
        "lastModified": 1651497924,
        "narHash": "sha256-T8GLNeJLWp8rJqgO9fsDnmE4NG7bcFa3zF5CkjrcrV0=",
        "owner": "plan9-for-vimspace",
        "repo": "acme-colors",
        "rev": "c2ae949144fc9d38cf16d9369b567c8918cf2a82",
        "type": "github"
      },
      "original": {
        "owner": "plan9-for-vimspace",
        "repo": "acme-colors",
        "type": "github"
      }
    },
    "lush.nvim": {
      "flake": false,
      "locked": {
        "lastModified": 1667992663,
        "narHash": "sha256-XHi9SHPxzHKkGtR4nJaHZ1wwsXfxRNCcpmZ92eFutvY=",
        "owner": "rktjmp",
        "repo": "lush.nvim",
        "rev": "979f4d206e7111c2b710aa85cc723f6140d2ec98",
        "type": "github"
      },
      "original": {
        "owner": "rktjmp",
        "repo": "lush.nvim",
        "type": "github"
      }
    },
    "monotone.nvim": {
      "flake": false,
      "locked": {
        "lastModified": 1639945295,
        "narHash": "sha256-fEcEYkrXfL19iE4Svwn5de6mOwJ2D8kKogv4axYLF1o=",
        "owner": "Lokaltog",
        "repo": "monotone.nvim",
        "rev": "32b906d8c0ee248d086a7f2a808a4d89fb997d9d",
        "type": "github"
      },
      "original": {
        "owner": "Lokaltog",
        "repo": "monotone.nvim",
        "type": "github"
      }
    },
    "root": {
      "inputs": {
        "acme-colors": "acme-colors",
        "lush.nvim": "lush.nvim",
        "monotone.nvim": "monotone.nvim",
        "vim-bw": "vim-bw",
        "zenbones.nvim": "zenbones.nvim"
      }
    },
    "vim-bw": {
      "flake": false,
      "locked": {
        "lastModified": 1666940645,
        "narHash": "sha256-bhsa7ClcQA5llvrdZQb3PBmYc8qPrHmJkdKgmwjv21o=",
        "ref": "refs/heads/master",
        "rev": "fce17f2b8d9d26b49d88f2f78dba3245d1a885e6",
        "revCount": 54,
        "type": "git",
        "url": "https://git.goral.net.pl/mgoral/vim-bw.git"
      },
      "original": {
        "type": "git",
        "url": "https://git.goral.net.pl/mgoral/vim-bw.git"
      }
    },
    "zenbones.nvim": {
      "flake": false,
      "locked": {
        "lastModified": 1666403433,
        "narHash": "sha256-KpFkXeXMk/C8Wwu7VtOc51/x/DMxPmZxNUhc8gVLgww=",
        "owner": "mcchrish",
        "repo": "zenbones.nvim",
        "rev": "0f7e9eb1ef309098e69e5e317508e9a7af299d94",
        "type": "github"
      },
      "original": {
        "owner": "mcchrish",
        "repo": "zenbones.nvim",
        "type": "github"
      }
    }
  },
  "root": "root",
  "version": 7
}
