((activities :source "elpaca-menu-lock-file" :recipe
	     (:package "activities" :repo
		       ("https://github.com/alphapapa/activities.el.git" . "activities")
		       :files
		       ("*"
			(:exclude ".git"))
		       :source "elpaca-menu-lock-file" :protocol https :inherit t :depth treeless :ref "d735c0f2c714ac98248ee17d765bfa8310201d53"))
 (bray :source "elpaca-menu-lock-file" :recipe
       (:package "bray" :fetcher codeberg :repo "ideasman42/emacs-bray" :files
		 ("*.el" "*.el.in" "dir" "*.info" "*.texi" "*.texinfo" "doc/dir" "doc/*.info" "doc/*.texi" "doc/*.texinfo" "lisp/*.el" "docs/dir" "docs/*.info" "docs/*.texi" "docs/*.texinfo"
		  (:exclude ".dir-locals.el" "test.el" "tests.el" "*-test.el" "*-tests.el" "LICENSE" "README*" "*-pkg.el"))
		 :source "elpaca-menu-lock-file" :protocol https :inherit t :depth treeless :ref "5c1bdd72fb0ee62c7701059274f622a77430ce2f"))
 (compat :source "elpaca-menu-lock-file" :recipe
	 (:package "compat" :repo
		   ("https://github.com/emacs-compat/compat" . "compat")
		   :files
		   ("*"
		    (:exclude ".git"))
		   :source "elpaca-menu-lock-file" :protocol https :inherit t :depth treeless :ref "7179960b7c82a7cca6bac60d79dd7fe09ae390a0"))
 (elpaca :source "elpaca-menu-lock-file" :recipe
	 (:source nil :protocol https :inherit ignore :depth treeless :repo "https://github.com/progfolio/elpaca.git" :ref "759d49c955378cb37316a2f517dbf44904da7de3" :files
		  (:defaults "elpaca-test.el"
			     (:exclude "extensions"))
		  :build
		  (:not elpaca--activate-package)
		  :package "elpaca"))
 (elpaca-use-package :source "elpaca-menu-lock-file" :recipe
		     (:package "elpaca-use-package" :wait t :repo "https://github.com/progfolio/elpaca.git" :files
			       ("extensions/elpaca-use-package.el")
			       :main "extensions/elpaca-use-package.el" :build
			       (:not elpaca--compile-info)
			       :source "Elpaca extensions" :protocol https :inherit t :depth treeless :ref "759d49c955378cb37316a2f517dbf44904da7de3"))
 (exec-path-from-shell :source "elpaca-menu-lock-file" :recipe
		       (:package "exec-path-from-shell" :fetcher github :repo "purcell/exec-path-from-shell" :files
				 ("*.el" "*.el.in" "dir" "*.info" "*.texi" "*.texinfo" "doc/dir" "doc/*.info" "doc/*.texi" "doc/*.texinfo" "lisp/*.el" "docs/dir" "docs/*.info" "docs/*.texi" "docs/*.texinfo"
				  (:exclude ".dir-locals.el" "test.el" "tests.el" "*-test.el" "*-tests.el" "LICENSE" "README*" "*-pkg.el"))
				 :source "elpaca-menu-lock-file" :protocol https :inherit t :depth treeless :ref "4896a797252fbfdac32fb77508500ac7d220f717"))
 (gptel :source "elpaca-menu-lock-file" :recipe
	(:package "gptel" :repo "karthink/gptel" :fetcher github :files
		  ("*.el" "*.el.in" "dir" "*.info" "*.texi" "*.texinfo" "doc/dir" "doc/*.info" "doc/*.texi" "doc/*.texinfo" "lisp/*.el" "docs/dir" "docs/*.info" "docs/*.texi" "docs/*.texinfo"
		   (:exclude ".dir-locals.el" "test.el" "tests.el" "*-test.el" "*-tests.el" "LICENSE" "README*" "*-pkg.el"))
		  :source "elpaca-menu-lock-file" :protocol https :inherit t :depth treeless :ref "fcdbe074140bf7b9c027a3478902edafe8ec76f8"))
 (no-littering :source "elpaca-menu-lock-file" :recipe
	       (:package "no-littering" :fetcher github :repo "emacscollective/no-littering" :files
			 ("*.el" "*.el.in" "dir" "*.info" "*.texi" "*.texinfo" "doc/dir" "doc/*.info" "doc/*.texi" "doc/*.texinfo" "lisp/*.el" "docs/dir" "docs/*.info" "docs/*.texi" "docs/*.texinfo"
			  (:exclude ".dir-locals.el" "test.el" "tests.el" "*-test.el" "*-tests.el" "LICENSE" "README*" "*-pkg.el"))
			 :source "elpaca-menu-lock-file" :protocol https :inherit t :depth treeless :wait t :ref "5596cc6586b3d1ce77d7c9e5385a0809fbad4eb6"))
 (persist :source "elpaca-menu-lock-file" :recipe
	  (:package "persist" :repo
		    ("https://github.com/emacsmirror/gnu_elpa" . "persist")
		    :branch "externals/persist" :files
		    ("*"
		     (:exclude ".git"))
		    :source "elpaca-menu-lock-file" :protocol https :inherit t :depth treeless :ref "bf9a52b8608f00a86cdf5b82207fc7bbc747566c"))
 (transient :source "elpaca-menu-lock-file" :recipe
	    (:package "transient" :fetcher github :repo "magit/transient" :files
		      ("*.el" "*.el.in" "dir" "*.info" "*.texi" "*.texinfo" "doc/dir" "doc/*.info" "doc/*.texi" "doc/*.texinfo" "lisp/*.el" "docs/dir" "docs/*.info" "docs/*.texi" "docs/*.texinfo"
		       (:exclude ".dir-locals.el" "test.el" "tests.el" "*-test.el" "*-tests.el" "LICENSE" "README*" "*-pkg.el"))
		      :source "elpaca-menu-lock-file" :protocol https :inherit t :depth treeless :ref "41b6e06cf56c029465fae72dc4c6e16cfd304e47")))
